// !$*UTF8*$!
{
	archiveVersion = 1;
	classes = {
	};
	objectVersion = 50;
	objects = {

/* Begin PBXBuildFile section */
		BA70E8C1269B021500EC522B /* AppDelegate.swift in Sources */ = {isa = PBXBuildFile; fileRef = BA70E8C0269B021500EC522B /* AppDelegate.swift */; };
		BA70E8C3269B021500EC522B /* SceneDelegate.swift in Sources */ = {isa = PBXBuildFile; fileRef = BA70E8C2269B021500EC522B /* SceneDelegate.swift */; };
		BA70E8C8269B021500EC522B /* Main.storyboard in Resources */ = {isa = PBXBuildFile; fileRef = BA70E8C6269B021500EC522B /* Main.storyboard */; };
		BA70E8CA269B021900EC522B /* Assets.xcassets in Resources */ = {isa = PBXBuildFile; fileRef = BA70E8C9269B021900EC522B /* Assets.xcassets */; };
		BA70E8CD269B021900EC522B /* LaunchScreen.storyboard in Resources */ = {isa = PBXBuildFile; fileRef = BA70E8CB269B021900EC522B /* LaunchScreen.storyboard */; };
		BA70E8D9269B057D00EC522B /* MainVC.swift in Sources */ = {isa = PBXBuildFile; fileRef = BA70E8D8269B057D00EC522B /* MainVC.swift */; };
/* End PBXBuildFile section */

/* Begin PBXFileReference section */
		BA70E8BD269B021500EC522B /* IMGesture.app */ = {isa = PBXFileReference; explicitFileType = wrapper.application; includeInIndex = 0; path = IMGesture.app; sourceTree = BUILT_PRODUCTS_DIR; };
		BA70E8C0269B021500EC522B /* AppDelegate.swift */ = {isa = PBXFileReference; lastKnownFileType = sourcecode.swift; path = AppDelegate.swift; sourceTree = "<group>"; };
		BA70E8C2269B021500EC522B /* SceneDelegate.swift */ = {isa = PBXFileReference; lastKnownFileType = sourcecode.swift; path = SceneDelegate.swift; sourceTree = "<group>"; };
		BA70E8C7269B021500EC522B /* Base */ = {isa = PBXFileReference; lastKnownFileType = file.storyboard; name = Base; path = Base.lproj/Main.storyboard; sourceTree = "<group>"; };
		BA70E8C9269B021900EC522B /* Assets.xcassets */ = {isa = PBXFileReference; lastKnownFileType = folder.assetcatalog; path = Assets.xcassets; sourceTree = "<group>"; };
		BA70E8CC269B021900EC522B /* Base */ = {isa = PBXFileReference; lastKnownFileType = file.storyboard; name = Base; path = Base.lproj/LaunchScreen.storyboard; sourceTree = "<group>"; };
		BA70E8CE269B021900EC522B /* Info.plist */ = {isa = PBXFileReference; lastKnownFileType = text.plist.xml; path = Info.plist; sourceTree = "<group>"; };
		BA70E8D8269B057D00EC522B /* MainVC.swift */ = {isa = PBXFileReference; lastKnownFileType = sourcecode.swift; path = MainVC.swift; sourceTree = "<group>"; };
/* End PBXFileReference section */

/* Begin PBXFrameworksBuildPhase section */
		BA70E8BA269B021500EC522B /* Frameworks */ = {
			isa = PBXFrameworksBuildPhase;
			buildActionMask = 2147483647;
			files = (
			);
			runOnlyForDeploymentPostprocessing = 0;
		};
/* End PBXFrameworksBuildPhase section */

/* Begin PBXGroup section */
		BA70E8B4269B021500EC522B = {
			isa = PBXGroup;
			children = (
				BA70E8BF269B021500EC522B /* IMGesture */,
				BA70E8BE269B021500EC522B /* Products */,
			);
			sourceTree = "<group>";
		};
		BA70E8BE269B021500EC522B /* Products */ = {
			isa = PBXGroup;
			children = (
				BA70E8BD269B021500EC522B /* IMGesture.app */,
			);
			name = Products;
			sourceTree = "<group>";
		};
		BA70E8BF269B021500EC522B /* IMGesture */ = {
			isa = PBXGroup;
			children = (
				BA70E8D5269B023A00EC522B /* Extras */,
				BA70E8C9269B021900EC522B /* Assets.xcassets */,
				BA70E8CB269B021900EC522B /* LaunchScreen.storyboard */,
				BA70E8C6269B021500EC522B /* Main.storyboard */,
				BA70E8CE269B021900EC522B /* Info.plist */,
				BA70E8D8269B057D00EC522B /* MainVC.swift */,
			);
			path = IMGesture;
			sourceTree = "<group>";
		};
		BA70E8D5269B023A00EC522B /* Extras */ = {
			isa = PBXGroup;
			children = (
				BA70E8C0269B021500EC522B /* AppDelegate.swift */,
				BA70E8C2269B021500EC522B /* SceneDelegate.swift */,
			);
			path = Extras;
			sourceTree = "<group>";
		};
/* End PBXGroup section */

/* Begin PBXNativeTarget section */
		BA70E8BC269B021500EC522B /* IMGesture */ = {
			isa = PBXNativeTarget;
			buildConfigurationList = BA70E8D1269B021900EC522B /* Build configuration list for PBXNativeTarget "IMGesture" */;
			buildPhases = (
				BA70E8B9269B021500EC522B /* Sources */,
				BA70E8BA269B021500EC522B /* Frameworks */,
				BA70E8BB269B021500EC522B /* Resources */,
			);
			buildRules = (
			);
			dependencies = (
			);
			name = IMGesture;
			productName = IMGesture;
			productReference = BA70E8BD269B021500EC522B /* IMGesture.app */;
			productType = "com.apple.product-type.application";
		};
/* End PBXNativeTarget section */

/* Begin PBXProject section */
		BA70E8B5269B021500EC522B /* Project object */ = {
			isa = PBXProject;
			attributes = {
				LastSwiftUpdateCheck = 1240;
				LastUpgradeCheck = 1240;
				TargetAttributes = {
					BA70E8BC269B021500EC522B = {
						CreatedOnToolsVersion = 12.4;
					};
				};
			};
			buildConfigurationList = BA70E8B8269B021500EC522B /* Build configuration list for PBXProject "IMGesture" */;
			compatibilityVersion = "Xcode 9.3";
			developmentRegion = en;
			hasScannedForEncodings = 0;
			knownRegions = (
				en,
				Base,
			);
			mainGroup = BA70E8B4269B021500EC522B;
			productRefGroup = BA70E8BE269B021500EC522B /* Products */;
			projectDirPath = "";
			projectRoot = "";
			targets = (
				BA70E8BC269B021500EC522B /* IMGesture */,
			);
		};
/* End PBXProject section */

/* Begin PBXResourcesBuildPhase section */
		BA70E8BB269B021500EC522B /* Resources */ = {
			isa = PBXResourcesBuildPhase;
			buildActionMask = 2147483647;
			files = (
				BA70E8CD269B021900EC522B /* LaunchScreen.storyboard in Resources */,
				BA70E8CA269B021900EC522B /* Assets.xcassets in Resources */,
				BA70E8C8269B021500EC522B /* Main.storyboard in Resources */,
			);
			runOnlyForDeploymentPostprocessing = 0;
		};
/* End PBXResourcesBuildPhase section */

/* Begin PBXSourcesBuildPhase section */
		BA70E8B9269B021500EC522B /* Sources */ = {
			isa = PBXSourcesBuildPhase;
			buildActionMask = 2147483647;
			files = (
				BA70E8D9269B057D00EC522B /* MainVC.swift in Sources */,
				BA70E8C1269B021500EC522B /* AppDelegate.swift in Sources */,
				BA70E8C3269B021500EC522B /* SceneDelegate.swift in Sources */,
			);
			runOnlyForDeploymentPostprocessing = 0;
		};
/* End PBXSourcesBuildPhase section */

/* Begin PBXVariantGroup section */
		BA70E8C6269B021500EC522B /* Main.storyboard */ = {
			isa = PBXVariantGroup;
			children = (
				BA70E8C7269B021500EC522B /* Base */,
			);
			name = Main.storyboard;
			sourceTree = "<group>";
		};
		BA70E8CB269B021900EC522B /* LaunchScreen.storyboard */ = {
			isa = PBXVariantGroup;
			children = (
				BA70E8CC269B021900EC522B /* Base */,
			);
			name = LaunchScreen.storyboard;
			sourceTree = "<group>";
		};
/* End PBXVariantGroup section */

/* Begin XCBuildConfiguration section */
		BA70E8CF269B021900EC522B /* Debug */ = {
			isa = XCBuildConfiguration;
			buildSettings = {
				ALWAYS_SEARCH_USER_PATHS = NO;
				CLANG_ANALYZER_NONNULL = YES;
				CLANG_ANALYZER_NUMBER_OBJECT_CONVERSION = YES_AGGRESSIVE;
				CLANG_CXX_LANGUAGE_STANDARD = "gnu++14";
				CLANG_CXX_LIBRARY = "libc++";
				CLANG_ENABLE_MODULES = YES;
				CLANG_ENABLE_OBJC_ARC = YES;
				CLANG_ENABLE_OBJC_WEAK = YES;
				CLANG_WARN_BLOCK_CAPTURE_AUTORELEASING = YES;
				CLANG_WARN_BOOL_CONVERSION = YES;
				CLANG_WARN_COMMA = YES;
				CLANG_WARN_CONSTANT_CONVERSION = YES;
				CLANG_WARN_DEPRECATED_OBJC_IMPLEMENTATIONS = YES;
				CLANG_WARN_DIRECT_OBJC_ISA_USAGE = YES_ERROR;
				CLANG_WARN_DOCUMENTATION_COMMENTS = YES;
				CLANG_WARN_EMPTY_BODY = YES;
				CLANG_WARN_ENUM_CONVERSION = YES;
				CLANG_WARN_INFINITE_RECURSION = YES;
				CLANG_WARN_INT_CONVERSION = YES;
				CLANG_WARN_NON_LITERAL_NULL_CONVERSION = YES;
				CLANG_WARN_OBJC_IMPLICIT_RETAIN_SELF = YES;
				CLANG_WARN_OBJC_LITERAL_CONVERSION = YES;
				CLANG_WARN_OBJC_ROOT_CLASS = YES_ERROR;
				CLANG_WARN_QUOTED_INCLUDE_IN_FRAMEWORK_HEADER = YES;
				CLANG_WARN_RANGE_LOOP_ANALYSIS = YES;
				CLANG_WARN_STRICT_PROTOTYPES = YES;
				CLANG_WARN_SUSPICIOUS_MOVE = YES;
				CLANG_WARN_UNGUARDED_AVAILABILITY = YES_AGGRESSIVE;
				CLANG_WARN_UNREACHABLE_CODE = YES;
				CLANG_WARN__DUPLICATE_METHOD_MATCH = YES;
				COPY_PHASE_STRIP = NO;
				DEBUG_INFORMATION_FORMAT = dwarf;
				ENABLE_STRICT_OBJC_MSGSEND = YES;
				ENABLE_TESTABILITY = YES;
				GCC_C_LANGUAGE_STANDARD = gnu11;
				GCC_DYNAMIC_NO_PIC = NO;
				GCC_NO_COMMON_BLOCKS = YES;
				GCC_OPTIMIZATION_LEVEL = 0;
				GCC_PREPROCESSOR_DEFINITIONS = (
					"DEBUG=1",
					"$(inherited)",
				);
				GCC_WARN_64_TO_32_BIT_CONVERSION = YES;
				GCC_WARN_ABOUT_RETURN_TYPE = YES_ERROR;
				GCC_WARN_UNDECLARED_SELECTOR = YES;
				GCC_WARN_UNINITIALIZED_AUTOS = YES_AGGRESSIVE;
				GCC_WARN_UNUSED_FUNCTION = YES;
				GCC_WARN_UNUSED_VARIABLE = YES;
				IPHONEOS_DEPLOYMENT_TARGET = 14.4;
				MTL_ENABLE_DEBUG_INFO = INCLUDE_SOURCE;
				MTL_FAST_MATH = YES;
				ONLY_ACTIVE_ARCH = YES;
				SDKROOT = iphoneos;
				SWIFT_ACTIVE_COMPILATION_CONDITIONS = DEBUG;
				SWIFT_OPTIMIZATION_LEVEL = "-Onone";
			};
			name = Debug;
		};
		BA70E8D0269B021900EC522B /* Release */ = {
			isa = XCBuildConfiguration;
			buildSettings = {
				ALWAYS_SEARCH_USER_PATHS = NO;
				CLANG_ANALYZER_NONNULL = YES;
				CLANG_ANALYZER_NUMBER_OBJECT_CONVERSION = YES_AGGRESSIVE;
				CLANG_CXX_LANGUAGE_STANDARD = "gnu++14";
				CLANG_CXX_LIBRARY = "libc++";
				CLANG_ENABLE_MODULES = YES;
				CLANG_ENABLE_OBJC_ARC = YES;
				CLANG_ENABLE_OBJC_WEAK = YES;
				CLANG_WARN_BLOCK_CAPTURE_AUTORELEASING = YES;
				CLANG_WARN_BOOL_CONVERSION = YES;
				CLANG_WARN_COMMA = YES;
				CLANG_WARN_CONSTANT_CONVERSION = YES;
				CLANG_WARN_DEPRECATED_OBJC_IMPLEMENTATIONS = YES;
				CLANG_WARN_DIRECT_OBJC_ISA_USAGE = YES_ERROR;
				CLANG_WARN_DOCUMENTATION_COMMENTS = YES;
				CLANG_WARN_EMPTY_BODY = YES;
				CLANG_WARN_ENUM_CONVERSION = YES;
				CLANG_WARN_INFINITE_RECURSION = YES;
				CLANG_WARN_INT_CONVERSION = YES;
				CLANG_WARN_NON_LITERAL_NULL_CONVERSION = YES;
				CLANG_WARN_OBJC_IMPLICIT_RETAIN_SELF = YES;
				CLANG_WARN_OBJC_LITERAL_CONVERSION = YES;
				CLANG_WARN_OBJC_ROOT_CLASS = YES_ERROR;
				CLANG_WARN_QUOTED_INCLUDE_IN_FRAMEWORK_HEADER = YES;
				CLANG_WARN_RANGE_LOOP_ANALYSIS = YES;
				CLANG_WARN_STRICT_PROTOTYPES = YES;
				CLANG_WARN_SUSPICIOUS_MOVE = YES;
				CLANG_WARN_UNGUARDED_AVAILABILITY = YES_AGGRESSIVE;
				CLANG_WARN_UNREACHABLE_CODE = YES;
				CLANG_WARN__DUPLICATE_METHOD_MATCH = YES;
				COPY_PHASE_STRIP = NO;
				DEBUG_INFORMATION_FORMAT = "dwarf-with-dsym";
				ENABLE_NS_ASSERTIONS = NO;
				ENABLE_STRICT_OBJC_MSGSEND = YES;
				GCC_C_LANGUAGE_STANDARD = gnu11;
				GCC_NO_COMMON_BLOCKS = YES;
				GCC_WARN_64_TO_32_BIT_CONVERSION = YES;
				GCC_WARN_ABOUT_RETURN_TYPE = YES_ERROR;
				GCC_WARN_UNDECLARED_SELECTOR = YES;
				GCC_WARN_UNINITIALIZED_AUTOS = YES_AGGRESSIVE;
				GCC_WARN_UNUSED_FUNCTION = YES;
				GCC_WARN_UNUSED_VARIABLE = YES;
				IPHONEOS_DEPLOYMENT_TARGET = 14.4;
				MTL_ENABLE_DEBUG_INFO = NO;
				MTL_FAST_MATH = YES;
				SDKROOT = iphoneos;
				SWIFT_COMPILATION_MODE = wholemodule;
				SWIFT_OPTIMIZATION_LEVEL = "-O";
				VALIDATE_PRODUCT = YES;
			};
			name = Release;
		};
		BA70E8D2269B021900EC522B /* Debug */ = {
			isa = XCBuildConfiguration;
			buildSettings = {
				ASSETCATALOG_COMPILER_APPICON_NAME = AppIcon;
				ASSETCATALOG_COMPILER_GLOBAL_ACCENT_COLOR_NAME = AccentColor;
				CODE_SIGN_STYLE = Automatic;
				DEVELOPMENT_TEAM = 4Y35KY8JKG;
				INFOPLIST_FILE = IMGesture/Info.plist;
				LD_RUNPATH_SEARCH_PATHS = (
					"$(inherited)",
					"@executable_path/Frameworks",
				);
				PRODUCT_BUNDLE_IDENTIFIER = vnsgu.IMGesture;
				PRODUCT_NAME = "$(TARGET_NAME)";
				SWIFT_VERSION = 5.0;
				TARGETED_DEVICE_FAMILY = "1,2";
			};
			name = Debug;
		};
		BA70E8D3269B021900EC522B /* Release */ = {
			isa = XCBuildConfiguration;
			buildSettings = {
				ASSETCATALOG_COMPILER_APPICON_NAME = AppIcon;
				ASSETCATALOG_COMPILER_GLOBAL_ACCENT_COLOR_NAME = AccentColor;
				CODE_SIGN_STYLE = Automatic;
				DEVELOPMENT_TEAM = 4Y35KY8JKG;
				INFOPLIST_FILE = IMGesture/Info.plist;
				LD_RUNPATH_SEARCH_PATHS = (
					"$(inherited)",
					"@executable_path/Frameworks",
				);
				PRODUCT_BUNDLE_IDENTIFIER = vnsgu.IMGesture;
				PRODUCT_NAME = "$(TARGET_NAME)";
				SWIFT_VERSION = 5.0;
				TARGETED_DEVICE_FAMILY = "1,2";
			};
			name = Release;
		};
/* End XCBuildConfiguration section */

/* Begin XCConfigurationList section */
		BA70E8B8269B021500EC522B /* Build configuration list for PBXProject "IMGesture" */ = {
			isa = XCConfigurationList;
			buildConfigurations = (
				BA70E8CF269B021900EC522B /* Debug */,
				BA70E8D0269B021900EC522B /* Release */,
			);
			defaultConfigurationIsVisible = 0;
			defaultConfigurationName = Release;
		};
		BA70E8D1269B021900EC522B /* Build configuration list for PBXNativeTarget "IMGesture" */ = {
			isa = XCConfigurationList;
			buildConfigurations = (
				BA70E8D2269B021900EC522B /* Debug */,
				BA70E8D3269B021900EC522B /* Release */,
			);
			defaultConfigurationIsVisible = 0;
			defaultConfigurationName = Release;
		};
/* End XCConfigurationList section */
	};
	rootObject = BA70E8B5269B021500EC522B /* Project object */;
}
